// !$*UTF8*$!
{
	archiveVersion = 1;
	classes = {
	};
	objectVersion = 51;
	objects = {

/* Begin PBXBuildFile section */
		16B9DF7B63D256C3AD5C597C /* Pods_MovieRoulette.framework in Frameworks */ = {isa = PBXBuildFile; fileRef = 99C9E3BCE641BCCC8061068F /* Pods_MovieRoulette.framework */; };
		CB0DCD03230F086F001EB9F1 /* MovieSelectionParameters.swift in Sources */ = {isa = PBXBuildFile; fileRef = CB0DCD02230F086F001EB9F1 /* MovieSelectionParameters.swift */; };
		CB165BC9230C6C2100688014 /* AppDelegate.swift in Sources */ = {isa = PBXBuildFile; fileRef = CB165BC8230C6C2100688014 /* AppDelegate.swift */; };
		CB165BCB230C6C2100688014 /* SelectionViewController.swift in Sources */ = {isa = PBXBuildFile; fileRef = CB165BCA230C6C2100688014 /* SelectionViewController.swift */; };
		CB165BCE230C6C2100688014 /* Main.storyboard in Resources */ = {isa = PBXBuildFile; fileRef = CB165BCC230C6C2100688014 /* Main.storyboard */; };
		CB165BD1230C6C2100688014 /* MovieRoulette.xcdatamodeld in Sources */ = {isa = PBXBuildFile; fileRef = CB165BCF230C6C2100688014 /* MovieRoulette.xcdatamodeld */; };
		CB165BD3230C6C2100688014 /* Assets.xcassets in Resources */ = {isa = PBXBuildFile; fileRef = CB165BD2230C6C2100688014 /* Assets.xcassets */; };
		CB165BD6230C6C2100688014 /* LaunchScreen.storyboard in Resources */ = {isa = PBXBuildFile; fileRef = CB165BD4230C6C2100688014 /* LaunchScreen.storyboard */; };
		CB7D867D230C805C004FEFED /* TMDBClient.swift in Sources */ = {isa = PBXBuildFile; fileRef = CB7D867C230C805C004FEFED /* TMDBClient.swift */; };
		CBC3F780230DEF3F00862D5B /* GenresTableViewController.swift in Sources */ = {isa = PBXBuildFile; fileRef = CBC3F77F230DEF3F00862D5B /* GenresTableViewController.swift */; };
/* End PBXBuildFile section */

/* Begin PBXFileReference section */
		99C9E3BCE641BCCC8061068F /* Pods_MovieRoulette.framework */ = {isa = PBXFileReference; explicitFileType = wrapper.framework; includeInIndex = 0; path = Pods_MovieRoulette.framework; sourceTree = BUILT_PRODUCTS_DIR; };
		9E2CBFDD7008C97BF72670E0 /* Pods-MovieRoulette.debug.xcconfig */ = {isa = PBXFileReference; includeInIndex = 1; lastKnownFileType = text.xcconfig; name = "Pods-MovieRoulette.debug.xcconfig"; path = "Target Support Files/Pods-MovieRoulette/Pods-MovieRoulette.debug.xcconfig"; sourceTree = "<group>"; };
		CB0DCD02230F086F001EB9F1 /* MovieSelectionParameters.swift */ = {isa = PBXFileReference; lastKnownFileType = sourcecode.swift; path = MovieSelectionParameters.swift; sourceTree = "<group>"; };
		CB165BC5230C6C2100688014 /* MovieRoulette.app */ = {isa = PBXFileReference; explicitFileType = wrapper.application; includeInIndex = 0; path = MovieRoulette.app; sourceTree = BUILT_PRODUCTS_DIR; };
		CB165BC8230C6C2100688014 /* AppDelegate.swift */ = {isa = PBXFileReference; lastKnownFileType = sourcecode.swift; path = AppDelegate.swift; sourceTree = "<group>"; };
		CB165BCA230C6C2100688014 /* SelectionViewController.swift */ = {isa = PBXFileReference; lastKnownFileType = sourcecode.swift; path = SelectionViewController.swift; sourceTree = "<group>"; };
		CB165BCD230C6C2100688014 /* Base */ = {isa = PBXFileReference; lastKnownFileType = file.storyboard; name = Base; path = Base.lproj/Main.storyboard; sourceTree = "<group>"; };
		CB165BD0230C6C2100688014 /* MovieRoulette.xcdatamodel */ = {isa = PBXFileReference; lastKnownFileType = wrapper.xcdatamodel; path = MovieRoulette.xcdatamodel; sourceTree = "<group>"; };
		CB165BD2230C6C2100688014 /* Assets.xcassets */ = {isa = PBXFileReference; lastKnownFileType = folder.assetcatalog; path = Assets.xcassets; sourceTree = "<group>"; };
		CB165BD5230C6C2100688014 /* Base */ = {isa = PBXFileReference; lastKnownFileType = file.storyboard; name = Base; path = Base.lproj/LaunchScreen.storyboard; sourceTree = "<group>"; };
		CB165BD7230C6C2100688014 /* Info.plist */ = {isa = PBXFileReference; lastKnownFileType = text.plist.xml; path = Info.plist; sourceTree = "<group>"; };
		CB7D867C230C805C004FEFED /* TMDBClient.swift */ = {isa = PBXFileReference; lastKnownFileType = sourcecode.swift; path = TMDBClient.swift; sourceTree = "<group>"; };
		CBC3F77F230DEF3F00862D5B /* GenresTableViewController.swift */ = {isa = PBXFileReference; lastKnownFileType = sourcecode.swift; path = GenresTableViewController.swift; sourceTree = "<group>"; };
		EDC6340A6A823C136C8EFBDE /* Pods-MovieRoulette.release.xcconfig */ = {isa = PBXFileReference; includeInIndex = 1; lastKnownFileType = text.xcconfig; name = "Pods-MovieRoulette.release.xcconfig"; path = "Target Support Files/Pods-MovieRoulette/Pods-MovieRoulette.release.xcconfig"; sourceTree = "<group>"; };
/* End PBXFileReference section */

/* Begin PBXFrameworksBuildPhase section */
		CB165BC2230C6C2100688014 /* Frameworks */ = {
			isa = PBXFrameworksBuildPhase;
			buildActionMask = 2147483647;
			files = (
				16B9DF7B63D256C3AD5C597C /* Pods_MovieRoulette.framework in Frameworks */,
			);
			runOnlyForDeploymentPostprocessing = 0;
		};
/* End PBXFrameworksBuildPhase section */

/* Begin PBXGroup section */
		24E61327A1AC2835B5026DD2 /* Frameworks */ = {
			isa = PBXGroup;
			children = (
				99C9E3BCE641BCCC8061068F /* Pods_MovieRoulette.framework */,
			);
			name = Frameworks;
			sourceTree = "<group>";
		};
		B2BFFA9C3C7AACE0FCA44B48 /* Pods */ = {
			isa = PBXGroup;
			children = (
				9E2CBFDD7008C97BF72670E0 /* Pods-MovieRoulette.debug.xcconfig */,
				EDC6340A6A823C136C8EFBDE /* Pods-MovieRoulette.release.xcconfig */,
			);
			path = Pods;
			sourceTree = "<group>";
		};
		CB165BBC230C6C2100688014 = {
			isa = PBXGroup;
			children = (
				CB165BC7230C6C2100688014 /* MovieRoulette */,
				CB165BC6230C6C2100688014 /* Products */,
				B2BFFA9C3C7AACE0FCA44B48 /* Pods */,
				24E61327A1AC2835B5026DD2 /* Frameworks */,
			);
			sourceTree = "<group>";
		};
		CB165BC6230C6C2100688014 /* Products */ = {
			isa = PBXGroup;
			children = (
				CB165BC5230C6C2100688014 /* MovieRoulette.app */,
			);
			name = Products;
			sourceTree = "<group>";
		};
		CB165BC7230C6C2100688014 /* MovieRoulette */ = {
			isa = PBXGroup;
			children = (
				CB7D867B230C804D004FEFED /* Model */,
				CB7D867A230C803B004FEFED /* Controller */,
				CB7D8679230C8028004FEFED /* View */,
				CB165BD7230C6C2100688014 /* Info.plist */,
			);
			path = MovieRoulette;
			sourceTree = "<group>";
		};
		CB7D8679230C8028004FEFED /* View */ = {
			isa = PBXGroup;
			children = (
				CB165BCC230C6C2100688014 /* Main.storyboard */,
				CB165BD2230C6C2100688014 /* Assets.xcassets */,
				CB165BD4230C6C2100688014 /* LaunchScreen.storyboard */,
			);
			path = View;
			sourceTree = "<group>";
		};
		CB7D867A230C803B004FEFED /* Controller */ = {
			isa = PBXGroup;
			children = (
				CB165BCA230C6C2100688014 /* SelectionViewController.swift */,
				CBC3F77F230DEF3F00862D5B /* GenresTableViewController.swift */,
				CB165BC8230C6C2100688014 /* AppDelegate.swift */,
			);
			path = Controller;
			sourceTree = "<group>";
		};
		CB7D867B230C804D004FEFED /* Model */ = {
			isa = PBXGroup;
			children = (
				CB165BCF230C6C2100688014 /* MovieRoulette.xcdatamodeld */,
				CB7D867C230C805C004FEFED /* TMDBClient.swift */,
				CB0DCD02230F086F001EB9F1 /* MovieSelectionParameters.swift */,
			);
			path = Model;
			sourceTree = "<group>";
		};
/* End PBXGroup section */

/* Begin PBXNativeTarget section */
		CB165BC4230C6C2100688014 /* MovieRoulette */ = {
			isa = PBXNativeTarget;
			buildConfigurationList = CB165BDA230C6C2100688014 /* Build configuration list for PBXNativeTarget "MovieRoulette" */;
			buildPhases = (
				E7D0E377ADCD3C529A945C89 /* [CP] Check Pods Manifest.lock */,
				CB165BC1230C6C2100688014 /* Sources */,
				CB165BC2230C6C2100688014 /* Frameworks */,
				CB165BC3230C6C2100688014 /* Resources */,
				5D4865063B26ED4C7670F698 /* [CP] Embed Pods Frameworks */,
			);
			buildRules = (
			);
			dependencies = (
			);
			name = MovieRoulette;
			productName = MovieRoulette;
			productReference = CB165BC5230C6C2100688014 /* MovieRoulette.app */;
			productType = "com.apple.product-type.application";
		};
/* End PBXNativeTarget section */

/* Begin PBXProject section */
		CB165BBD230C6C2100688014 /* Project object */ = {
			isa = PBXProject;
			attributes = {
				LastSwiftUpdateCheck = 1020;
				LastUpgradeCheck = 1020;
				ORGANIZATIONNAME = "Michael Maryanoff";
				TargetAttributes = {
					CB165BC4230C6C2100688014 = {
						CreatedOnToolsVersion = 10.2.1;
					};
				};
			};
			buildConfigurationList = CB165BC0230C6C2100688014 /* Build configuration list for PBXProject "MovieRoulette" */;
			compatibilityVersion = "Xcode 9.3";
			developmentRegion = en;
			hasScannedForEncodings = 0;
			knownRegions = (
				en,
				Base,
			);
			mainGroup = CB165BBC230C6C2100688014;
			productRefGroup = CB165BC6230C6C2100688014 /* Products */;
			projectDirPath = "";
			projectRoot = "";
			targets = (
				CB165BC4230C6C2100688014 /* MovieRoulette */,
			);
		};
/* End PBXProject section */

/* Begin PBXResourcesBuildPhase section */
		CB165BC3230C6C2100688014 /* Resources */ = {
			isa = PBXResourcesBuildPhase;
			buildActionMask = 2147483647;
			files = (
				CB165BD6230C6C2100688014 /* LaunchScreen.storyboard in Resources */,
				CB165BD3230C6C2100688014 /* Assets.xcassets in Resources */,
				CB165BCE230C6C2100688014 /* Main.storyboard in Resources */,
			);
			runOnlyForDeploymentPostprocessing = 0;
		};
/* End PBXResourcesBuildPhase section */

/* Begin PBXShellScriptBuildPhase section */
		5D4865063B26ED4C7670F698 /* [CP] Embed Pods Frameworks */ = {
			isa = PBXShellScriptBuildPhase;
			buildActionMask = 2147483647;
			files = (
			);
			inputFileListPaths = (
				"${PODS_ROOT}/Target Support Files/Pods-MovieRoulette/Pods-MovieRoulette-frameworks-${CONFIGURATION}-input-files.xcfilelist",
			);
			name = "[CP] Embed Pods Frameworks";
			outputFileListPaths = (
				"${PODS_ROOT}/Target Support Files/Pods-MovieRoulette/Pods-MovieRoulette-frameworks-${CONFIGURATION}-output-files.xcfilelist",
			);
			runOnlyForDeploymentPostprocessing = 0;
			shellPath = /bin/sh;
			shellScript = "\"${PODS_ROOT}/Target Support Files/Pods-MovieRoulette/Pods-MovieRoulette-frameworks.sh\"\n";
			showEnvVarsInLog = 0;
		};
		E7D0E377ADCD3C529A945C89 /* [CP] Check Pods Manifest.lock */ = {
			isa = PBXShellScriptBuildPhase;
			buildActionMask = 2147483647;
			files = (
			);
			inputFileListPaths = (
			);
			inputPaths = (
				"${PODS_PODFILE_DIR_PATH}/Podfile.lock",
				"${PODS_ROOT}/Manifest.lock",
			);
			name = "[CP] Check Pods Manifest.lock";
			outputFileListPaths = (
			);
			outputPaths = (
				"$(DERIVED_FILE_DIR)/Pods-MovieRoulette-checkManifestLockResult.txt",
			);
			runOnlyForDeploymentPostprocessing = 0;
			shellPath = /bin/sh;
			shellScript = "diff \"${PODS_PODFILE_DIR_PATH}/Podfile.lock\" \"${PODS_ROOT}/Manifest.lock\" > /dev/null\nif [ $? != 0 ] ; then\n    # print error to STDERR\n    echo \"error: The sandbox is not in sync with the Podfile.lock. Run 'pod install' or update your CocoaPods installation.\" >&2\n    exit 1\nfi\n# This output is used by Xcode 'outputs' to avoid re-running this script phase.\necho \"SUCCESS\" > \"${SCRIPT_OUTPUT_FILE_0}\"\n";
			showEnvVarsInLog = 0;
		};
/* End PBXShellScriptBuildPhase section */

/* Begin PBXSourcesBuildPhase section */
		CB165BC1230C6C2100688014 /* Sources */ = {
			isa = PBXSourcesBuildPhase;
			buildActionMask = 2147483647;
			files = (
				CBC3F780230DEF3F00862D5B /* GenresTableViewController.swift in Sources */,
				CB165BD1230C6C2100688014 /* MovieRoulette.xcdatamodeld in Sources */,
				CB7D867D230C805C004FEFED /* TMDBClient.swift in Sources */,
				CB165BCB230C6C2100688014 /* SelectionViewController.swift in Sources */,
				CB165BC9230C6C2100688014 /* AppDelegate.swift in Sources */,
				CB0DCD03230F086F001EB9F1 /* MovieSelectionParameters.swift in Sources */,
			);
			runOnlyForDeploymentPostprocessing = 0;
		};
/* End PBXSourcesBuildPhase section */

/* Begin PBXVariantGroup section */
		CB165BCC230C6C2100688014 /* Main.storyboard */ = {
			isa = PBXVariantGroup;
			children = (
				CB165BCD230C6C2100688014 /* Base */,
			);
			name = Main.storyboard;
			sourceTree = "<group>";
		};
		CB165BD4230C6C2100688014 /* LaunchScreen.storyboard */ = {
			isa = PBXVariantGroup;
			children = (
				CB165BD5230C6C2100688014 /* Base */,
			);
			name = LaunchScreen.storyboard;
			sourceTree = "<group>";
		};
/* End PBXVariantGroup section */

/* Begin XCBuildConfiguration section */
		CB165BD8230C6C2100688014 /* Debug */ = {
			isa = XCBuildConfiguration;
			buildSettings = {
				ALWAYS_SEARCH_USER_PATHS = NO;
				CLANG_ANALYZER_NONNULL = YES;
				CLANG_ANALYZER_NUMBER_OBJECT_CONVERSION = YES_AGGRESSIVE;
				CLANG_CXX_LANGUAGE_STANDARD = "gnu++14";
				CLANG_CXX_LIBRARY = "libc++";
				CLANG_ENABLE_MODULES = YES;
				CLANG_ENABLE_OBJC_ARC = YES;
				CLANG_ENABLE_OBJC_WEAK = YES;
				CLANG_WARN_BLOCK_CAPTURE_AUTORELEASING = YES;
				CLANG_WARN_BOOL_CONVERSION = YES;
				CLANG_WARN_COMMA = YES;
				CLANG_WARN_CONSTANT_CONVERSION = YES;
				CLANG_WARN_DEPRECATED_OBJC_IMPLEMENTATIONS = YES;
				CLANG_WARN_DIRECT_OBJC_ISA_USAGE = YES_ERROR;
				CLANG_WARN_DOCUMENTATION_COMMENTS = YES;
				CLANG_WARN_EMPTY_BODY = YES;
				CLANG_WARN_ENUM_CONVERSION = YES;
				CLANG_WARN_INFINITE_RECURSION = YES;
				CLANG_WARN_INT_CONVERSION = YES;
				CLANG_WARN_NON_LITERAL_NULL_CONVERSION = YES;
				CLANG_WARN_OBJC_IMPLICIT_RETAIN_SELF = YES;
				CLANG_WARN_OBJC_LITERAL_CONVERSION = YES;
				CLANG_WARN_OBJC_ROOT_CLASS = YES_ERROR;
				CLANG_WARN_RANGE_LOOP_ANALYSIS = YES;
				CLANG_WARN_STRICT_PROTOTYPES = YES;
				CLANG_WARN_SUSPICIOUS_MOVE = YES;
				CLANG_WARN_UNGUARDED_AVAILABILITY = YES_AGGRESSIVE;
				CLANG_WARN_UNREACHABLE_CODE = YES;
				CLANG_WARN__DUPLICATE_METHOD_MATCH = YES;
				CODE_SIGN_IDENTITY = "iPhone Developer";
				COPY_PHASE_STRIP = NO;
				DEBUG_INFORMATION_FORMAT = dwarf;
				ENABLE_STRICT_OBJC_MSGSEND = YES;
				ENABLE_TESTABILITY = YES;
				GCC_C_LANGUAGE_STANDARD = gnu11;
				GCC_DYNAMIC_NO_PIC = NO;
				GCC_NO_COMMON_BLOCKS = YES;
				GCC_OPTIMIZATION_LEVEL = 0;
				GCC_PREPROCESSOR_DEFINITIONS = (
					"DEBUG=1",
					"$(inherited)",
				);
				GCC_WARN_64_TO_32_BIT_CONVERSION = YES;
				GCC_WARN_ABOUT_RETURN_TYPE = YES_ERROR;
				GCC_WARN_UNDECLARED_SELECTOR = YES;
				GCC_WARN_UNINITIALIZED_AUTOS = YES_AGGRESSIVE;
				GCC_WARN_UNUSED_FUNCTION = YES;
				GCC_WARN_UNUSED_VARIABLE = YES;
				IPHONEOS_DEPLOYMENT_TARGET = 12.2;
				MTL_ENABLE_DEBUG_INFO = INCLUDE_SOURCE;
				MTL_FAST_MATH = YES;
				ONLY_ACTIVE_ARCH = YES;
				SDKROOT = iphoneos;
				SWIFT_ACTIVE_COMPILATION_CONDITIONS = DEBUG;
				SWIFT_OPTIMIZATION_LEVEL = "-Onone";
			};
			name = Debug;
		};
		CB165BD9230C6C2100688014 /* Release */ = {
			isa = XCBuildConfiguration;
			buildSettings = {
				ALWAYS_SEARCH_USER_PATHS = NO;
				CLANG_ANALYZER_NONNULL = YES;
				CLANG_ANALYZER_NUMBER_OBJECT_CONVERSION = YES_AGGRESSIVE;
				CLANG_CXX_LANGUAGE_STANDARD = "gnu++14";
				CLANG_CXX_LIBRARY = "libc++";
				CLANG_ENABLE_MODULES = YES;
				CLANG_ENABLE_OBJC_ARC = YES;
				CLANG_ENABLE_OBJC_WEAK = YES;
				CLANG_WARN_BLOCK_CAPTURE_AUTORELEASING = YES;
				CLANG_WARN_BOOL_CONVERSION = YES;
				CLANG_WARN_COMMA = YES;
				CLANG_WARN_CONSTANT_CONVERSION = YES;
				CLANG_WARN_DEPRECATED_OBJC_IMPLEMENTATIONS = YES;
				CLANG_WARN_DIRECT_OBJC_ISA_USAGE = YES_ERROR;
				CLANG_WARN_DOCUMENTATION_COMMENTS = YES;
				CLANG_WARN_EMPTY_BODY = YES;
				CLANG_WARN_ENUM_CONVERSION = YES;
				CLANG_WARN_INFINITE_RECURSION = YES;
				CLANG_WARN_INT_CONVERSION = YES;
				CLANG_WARN_NON_LITERAL_NULL_CONVERSION = YES;
				CLANG_WARN_OBJC_IMPLICIT_RETAIN_SELF = YES;
				CLANG_WARN_OBJC_LITERAL_CONVERSION = YES;
				CLANG_WARN_OBJC_ROOT_CLASS = YES_ERROR;
				CLANG_WARN_RANGE_LOOP_ANALYSIS = YES;
				CLANG_WARN_STRICT_PROTOTYPES = YES;
				CLANG_WARN_SUSPICIOUS_MOVE = YES;
				CLANG_WARN_UNGUARDED_AVAILABILITY = YES_AGGRESSIVE;
				CLANG_WARN_UNREACHABLE_CODE = YES;
				CLANG_WARN__DUPLICATE_METHOD_MATCH = YES;
				CODE_SIGN_IDENTITY = "iPhone Developer";
				COPY_PHASE_STRIP = NO;
				DEBUG_INFORMATION_FORMAT = "dwarf-with-dsym";
				ENABLE_NS_ASSERTIONS = NO;
				ENABLE_STRICT_OBJC_MSGSEND = YES;
				GCC_C_LANGUAGE_STANDARD = gnu11;
				GCC_NO_COMMON_BLOCKS = YES;
				GCC_WARN_64_TO_32_BIT_CONVERSION = YES;
				GCC_WARN_ABOUT_RETURN_TYPE = YES_ERROR;
				GCC_WARN_UNDECLARED_SELECTOR = YES;
				GCC_WARN_UNINITIALIZED_AUTOS = YES_AGGRESSIVE;
				GCC_WARN_UNUSED_FUNCTION = YES;
				GCC_WARN_UNUSED_VARIABLE = YES;
				IPHONEOS_DEPLOYMENT_TARGET = 12.2;
				MTL_ENABLE_DEBUG_INFO = NO;
				MTL_FAST_MATH = YES;
				SDKROOT = iphoneos;
				SWIFT_COMPILATION_MODE = wholemodule;
				SWIFT_OPTIMIZATION_LEVEL = "-O";
				VALIDATE_PRODUCT = YES;
			};
			name = Release;
		};
		CB165BDB230C6C2100688014 /* Debug */ = {
			isa = XCBuildConfiguration;
			baseConfigurationReference = 9E2CBFDD7008C97BF72670E0 /* Pods-MovieRoulette.debug.xcconfig */;
			buildSettings = {
				ASSETCATALOG_COMPILER_APPICON_NAME = AppIcon;
				CODE_SIGN_STYLE = Automatic;
				DEVELOPMENT_TEAM = 4DPU8RFFB2;
				INFOPLIST_FILE = MovieRoulette/Info.plist;
				LD_RUNPATH_SEARCH_PATHS = (
					"$(inherited)",
					"@executable_path/Frameworks",
				);
				PRODUCT_BUNDLE_IDENTIFIER = MichaelMaryanoff.MovieRoulette;
				PRODUCT_NAME = "$(TARGET_NAME)";
				SWIFT_VERSION = 5.0;
				TARGETED_DEVICE_FAMILY = "1,2";
			};
			name = Debug;
		};
		CB165BDC230C6C2100688014 /* Release */ = {
			isa = XCBuildConfiguration;
			baseConfigurationReference = EDC6340A6A823C136C8EFBDE /* Pods-MovieRoulette.release.xcconfig */;
			buildSettings = {
				ASSETCATALOG_COMPILER_APPICON_NAME = AppIcon;
				CODE_SIGN_STYLE = Automatic;
				DEVELOPMENT_TEAM = 4DPU8RFFB2;
				INFOPLIST_FILE = MovieRoulette/Info.plist;
				LD_RUNPATH_SEARCH_PATHS = (
					"$(inherited)",
					"@executable_path/Frameworks",
				);
				PRODUCT_BUNDLE_IDENTIFIER = MichaelMaryanoff.MovieRoulette;
				PRODUCT_NAME = "$(TARGET_NAME)";
				SWIFT_VERSION = 5.0;
				TARGETED_DEVICE_FAMILY = "1,2";
			};
			name = Release;
		};
/* End XCBuildConfiguration section */

/* Begin XCConfigurationList section */
		CB165BC0230C6C2100688014 /* Build configuration list for PBXProject "MovieRoulette" */ = {
			isa = XCConfigurationList;
			buildConfigurations = (
				CB165BD8230C6C2100688014 /* Debug */,
				CB165BD9230C6C2100688014 /* Release */,
			);
			defaultConfigurationIsVisible = 0;
			defaultConfigurationName = Release;
		};
		CB165BDA230C6C2100688014 /* Build configuration list for PBXNativeTarget "MovieRoulette" */ = {
			isa = XCConfigurationList;
			buildConfigurations = (
				CB165BDB230C6C2100688014 /* Debug */,
				CB165BDC230C6C2100688014 /* Release */,
			);
			defaultConfigurationIsVisible = 0;
			defaultConfigurationName = Release;
		};
/* End XCConfigurationList section */

/* Begin XCVersionGroup section */
		CB165BCF230C6C2100688014 /* MovieRoulette.xcdatamodeld */ = {
			isa = XCVersionGroup;
			children = (
				CB165BD0230C6C2100688014 /* MovieRoulette.xcdatamodel */,
			);
			currentVersion = CB165BD0230C6C2100688014 /* MovieRoulette.xcdatamodel */;
			path = MovieRoulette.xcdatamodeld;
			sourceTree = "<group>";
			versionGroupType = wrapper.xcdatamodel;
		};
/* End XCVersionGroup section */
	};
	rootObject = CB165BBD230C6C2100688014 /* Project object */;
}
